
Microsoft Visual Studio Solution File, Format Version 12.00
# Visual Studio Version 17
VisualStudioVersion = 17.11.35312.102
MinimumVisualStudioVersion = 10.0.40219.1
Project("{FAE04EC0-301F-11D3-BF4B-00C04F79EFBC}") = "TodoAppliksjonAPI", "TodoAppliksjonAPI.csproj", "{CDA0A70F-16D8-4FEF-8C0E-8F7E780375AC}"
EndProject
Global
	GlobalSection(SolutionConfigurationPlatforms) = preSolution
		Debug|Any CPU = Debug|Any CPU
		Release|Any CPU = Release|Any CPU
	EndGlobalSection
	GlobalSection(ProjectConfigurationPlatforms) = postSolution
		{CDA0A70F-16D8-4FEF-8C0E-8F7E780375AC}.Debug|Any CPU.ActiveCfg = Debug|Any CPU
		{CDA0A70F-16D8-4FEF-8C0E-8F7E780375AC}.Debug|Any CPU.Build.0 = Debug|Any CPU
		{CDA0A70F-16D8-4FEF-8C0E-8F7E780375AC}.Release|Any CPU.ActiveCfg = Release|Any CPU
		{CDA0A70F-16D8-4FEF-8C0E-8F7E780375AC}.Release|Any CPU.Build.0 = Release|Any CPU
	EndGlobalSection
	GlobalSection(SolutionProperties) = preSolution
		HideSolutionNode = FALSE
	EndGlobalSection
	GlobalSection(ExtensibilityGlobals) = postSolution
		SolutionGuid = {C010A0CD-F963-42A1-A909-70D5B0411568}
	EndGlobalSection
EndGlobal
